
Microsoft Visual Studio Solution File, Format Version 12.00
# Visual Studio 15
VisualStudioVersion = 15.0.28010.2016
MinimumVisualStudioVersion = 10.0.40219.1
Project("{FAE04EC0-301F-11D3-BF4B-00C04F79EFBC}") = "ManasquanBank.Web", "ManasquanBank.Web\ManasquanBank.Web.csproj", "{7A255A1D-EF23-4F65-8059-89A25C197710}"
EndProject
Global
	GlobalSection(SolutionConfigurationPlatforms) = preSolution
		Debug|Any CPU = Debug|Any CPU
		Release|Any CPU = Release|Any CPU
		Test|Any CPU = Test|Any CPU
	EndGlobalSection
	GlobalSection(ProjectConfigurationPlatforms) = postSolution
		{7A255A1D-EF23-4F65-8059-89A25C197710}.Debug|Any CPU.ActiveCfg = Debug|Any CPU
		{7A255A1D-EF23-4F65-8059-89A25C197710}.Debug|Any CPU.Build.0 = Debug|Any CPU
		{7A255A1D-EF23-4F65-8059-89A25C197710}.Release|Any CPU.ActiveCfg = Release|Any CPU
		{7A255A1D-EF23-4F65-8059-89A25C197710}.Release|Any CPU.Build.0 = Release|Any CPU
		{7A255A1D-EF23-4F65-8059-89A25C197710}.Test|Any CPU.ActiveCfg = Test|Any CPU
		{7A255A1D-EF23-4F65-8059-89A25C197710}.Test|Any CPU.Build.0 = Test|Any CPU
	EndGlobalSection
	GlobalSection(SolutionProperties) = preSolution
		HideSolutionNode = FALSE
	EndGlobalSection
	GlobalSection(ExtensibilityGlobals) = postSolution
		SolutionGuid = {E774A427-CA98-4BE7-8028-5C7910F070D0}
	EndGlobalSection
EndGlobal
